
Microsoft Visual Studio Solution File, Format Version 12.00
# Visual Studio Version 16
VisualStudioVersion = 16.0.32106.194
MinimumVisualStudioVersion = 10.0.40219.1
Project("{FAE04EC0-301F-11D3-BF4B-00C04F79EFBC}") = "MyFirstCoreAPI", "MyFirstCoreAPI\MyFirstCoreAPI.csproj", "{9BF32004-6AC8-4071-88D9-2A62A2431D5B}"
EndProject
Global
	GlobalSection(SolutionConfigurationPlatforms) = preSolution
		Debug|Any CPU = Debug|Any CPU
		Release|Any CPU = Release|Any CPU
	EndGlobalSection
	GlobalSection(ProjectConfigurationPlatforms) = postSolution
		{9BF32004-6AC8-4071-88D9-2A62A2431D5B}.Debug|Any CPU.ActiveCfg = Debug|Any CPU
		{9BF32004-6AC8-4071-88D9-2A62A2431D5B}.Debug|Any CPU.Build.0 = Debug|Any CPU
		{9BF32004-6AC8-4071-88D9-2A62A2431D5B}.Release|Any CPU.ActiveCfg = Release|Any CPU
		{9BF32004-6AC8-4071-88D9-2A62A2431D5B}.Release|Any CPU.Build.0 = Release|Any CPU
	EndGlobalSection
	GlobalSection(SolutionProperties) = preSolution
		HideSolutionNode = FALSE
	EndGlobalSection
	GlobalSection(ExtensibilityGlobals) = postSolution
		SolutionGuid = {570B5BE2-D977-4436-A2C7-52A731131AA6}
	EndGlobalSection
EndGlobal
